
Microsoft Visual Studio Solution File, Format Version 12.00
# Visual Studio Version 17
VisualStudioVersion = 17.0.32014.148
MinimumVisualStudioVersion = 10.0.40219.1
Project("{FAE04EC0-301F-11D3-BF4B-00C04F79EFBC}") = "ASP.NetFİrstApp", "ASP.NetFİrstApp.csproj", "{ED45F118-5C9C-47BD-B72D-72D9C4F16A45}"
EndProject
Global
	GlobalSection(SolutionConfigurationPlatforms) = preSolution
		Debug|Any CPU = Debug|Any CPU
		Release|Any CPU = Release|Any CPU
	EndGlobalSection
	GlobalSection(ProjectConfigurationPlatforms) = postSolution
		{ED45F118-5C9C-47BD-B72D-72D9C4F16A45}.Debug|Any CPU.ActiveCfg = Debug|Any CPU
		{ED45F118-5C9C-47BD-B72D-72D9C4F16A45}.Debug|Any CPU.Build.0 = Debug|Any CPU
		{ED45F118-5C9C-47BD-B72D-72D9C4F16A45}.Release|Any CPU.ActiveCfg = Release|Any CPU
		{ED45F118-5C9C-47BD-B72D-72D9C4F16A45}.Release|Any CPU.Build.0 = Release|Any CPU
	EndGlobalSection
	GlobalSection(SolutionProperties) = preSolution
		HideSolutionNode = FALSE
	EndGlobalSection
	GlobalSection(ExtensibilityGlobals) = postSolution
		SolutionGuid = {4B54CE7B-FFAF-431E-8980-004D9C5B6061}
	EndGlobalSection
EndGlobal
